
Microsoft Visual Studio Solution File, Format Version 12.00
# Visual Studio Version 16
VisualStudioVersion = 16.0.29905.134
MinimumVisualStudioVersion = 10.0.40219.1
Project("{9A19103F-16F7-4668-BE54-9A1E7A4F7556}") = "CitiesHarmony", "CitiesHarmony\CitiesHarmony.csproj", "{1821BC25-9494-40B7-8229-945C60C16BC2}"
EndProject
Project("{9A19103F-16F7-4668-BE54-9A1E7A4F7556}") = "CitiesHarmony.API", "CitiesHarmony.API\CitiesHarmony.API.csproj", "{A3462C5B-B9A4-4154-9855-F3025E943946}"
EndProject
Project("{9A19103F-16F7-4668-BE54-9A1E7A4F7556}") = "ExampleMod", "ExampleMod\ExampleMod.csproj", "{961A70CE-8B6C-4950-A845-E215F07D0CC2}"
EndProject
Project("{9A19103F-16F7-4668-BE54-9A1E7A4F7556}") = "CitiesHarmony.Tests", "CitiesHarmony.Tests\CitiesHarmony.Tests.csproj", "{47363338-1B57-467C-93B9-DD9FB293AF27}"
EndProject
Project("{9A19103F-16F7-4668-BE54-9A1E7A4F7556}") = "CitiesHarmony.AssemblyResolveLogger", "CitiesHarmony.AssemblyResolveLogger\CitiesHarmony.AssemblyResolveLogger.csproj", "{2BD6ECBD-FE4D-4543-8A18-18AE83218D6F}"
EndProject
Project("{9A19103F-16F7-4668-BE54-9A1E7A4F7556}") = "Harmony", "Harmony\Harmony\Harmony.csproj", "{352DE353-DDBB-4FC7-A7A6-E03985650420}"
EndProject
Project("{2150E333-8FDC-42A3-9474-1A3956D46DE8}") = "Solution Items", "Solution Items", "{2A173726-3867-470A-A6E0-6A6B3DE452E3}"
	ProjectSection(SolutionItems) = preProject
		LICENSE = LICENSE
		README.md = README.md
	EndProjectSection
EndProject
Project("{FAE04EC0-301F-11D3-BF4B-00C04F79EFBC}") = "ExampleMod.OldStyle", "ExampleMod.OldStyle\ExampleMod.OldStyle.csproj", "{6C53FFF8-6C41-4A88-9DAA-34F968B0C9AC}"
EndProject
Global
	GlobalSection(SolutionConfigurationPlatforms) = preSolution
		Debug|Any CPU = Debug|Any CPU
		Release|Any CPU = Release|Any CPU
	EndGlobalSection
	GlobalSection(ProjectConfigurationPlatforms) = postSolution
		{1821BC25-9494-40B7-8229-945C60C16BC2}.Debug|Any CPU.ActiveCfg = Debug|Any CPU
		{1821BC25-9494-40B7-8229-945C60C16BC2}.Debug|Any CPU.Build.0 = Debug|Any CPU
		{1821BC25-9494-40B7-8229-945C60C16BC2}.Release|Any CPU.ActiveCfg = Release|Any CPU
		{1821BC25-9494-40B7-8229-945C60C16BC2}.Release|Any CPU.Build.0 = Release|Any CPU
		{A3462C5B-B9A4-4154-9855-F3025E943946}.Debug|Any CPU.ActiveCfg = Debug|Any CPU
		{A3462C5B-B9A4-4154-9855-F3025E943946}.Debug|Any CPU.Build.0 = Debug|Any CPU
		{A3462C5B-B9A4-4154-9855-F3025E943946}.Release|Any CPU.ActiveCfg = Release|Any CPU
		{A3462C5B-B9A4-4154-9855-F3025E943946}.Release|Any CPU.Build.0 = Release|Any CPU
		{961A70CE-8B6C-4950-A845-E215F07D0CC2}.Debug|Any CPU.ActiveCfg = Debug|Any CPU
		{961A70CE-8B6C-4950-A845-E215F07D0CC2}.Debug|Any CPU.Build.0 = Debug|Any CPU
		{961A70CE-8B6C-4950-A845-E215F07D0CC2}.Release|Any CPU.ActiveCfg = Release|Any CPU
		{961A70CE-8B6C-4950-A845-E215F07D0CC2}.Release|Any CPU.Build.0 = Release|Any CPU
		{47363338-1B57-467C-93B9-DD9FB293AF27}.Debug|Any CPU.ActiveCfg = Debug|Any CPU
		{47363338-1B57-467C-93B9-DD9FB293AF27}.Debug|Any CPU.Build.0 = Debug|Any CPU
		{47363338-1B57-467C-93B9-DD9FB293AF27}.Release|Any CPU.ActiveCfg = Release|Any CPU
		{47363338-1B57-467C-93B9-DD9FB293AF27}.Release|Any CPU.Build.0 = Release|Any CPU
		{2BD6ECBD-FE4D-4543-8A18-18AE83218D6F}.Debug|Any CPU.ActiveCfg = Debug|Any CPU
		{2BD6ECBD-FE4D-4543-8A18-18AE83218D6F}.Debug|Any CPU.Build.0 = Debug|Any CPU
		{2BD6ECBD-FE4D-4543-8A18-18AE83218D6F}.Release|Any CPU.ActiveCfg = Release|Any CPU
		{2BD6ECBD-FE4D-4543-8A18-18AE83218D6F}.Release|Any CPU.Build.0 = Release|Any CPU
		{352DE353-DDBB-4FC7-A7A6-E03985650420}.Debug|Any CPU.ActiveCfg = Debug|Any CPU
		{352DE353-DDBB-4FC7-A7A6-E03985650420}.Debug|Any CPU.Build.0 = Debug|Any CPU
		{352DE353-DDBB-4FC7-A7A6-E03985650420}.Release|Any CPU.ActiveCfg = Release|Any CPU
		{352DE353-DDBB-4FC7-A7A6-E03985650420}.Release|Any CPU.Build.0 = Release|Any CPU
		{6C53FFF8-6C41-4A88-9DAA-34F968B0C9AC}.Debug|Any CPU.ActiveCfg = Debug|Any CPU
		{6C53FFF8-6C41-4A88-9DAA-34F968B0C9AC}.Debug|Any CPU.Build.0 = Debug|Any CPU
		{6C53FFF8-6C41-4A88-9DAA-34F968B0C9AC}.Release|Any CPU.ActiveCfg = Release|Any CPU
		{6C53FFF8-6C41-4A88-9DAA-34F968B0C9AC}.Release|Any CPU.Build.0 = Release|Any CPU
	EndGlobalSection
	GlobalSection(SolutionProperties) = preSolution
		HideSolutionNode = FALSE
	EndGlobalSection
	GlobalSection(ExtensibilityGlobals) = postSolution
		SolutionGuid = {60A1F2F9-555F-4FF8-A240-385170CFB39F}
	EndGlobalSection
EndGlobal
